<Solution>
  <Folder Name="/src/">
    <Project Path="src/JulOS.Agent/JulOS.Agent.csproj" />
    <Project Path="src/JulOS.Application/JulOS.Application.csproj" />
    <Project Path="src/JulOS.Contracts/JulOS.Contracts.csproj" />
    <Project Path="src/JulOS.Domain/JulOS.Domain.csproj" />
    <Project Path="src/JulOS.Infrastructure/JulOS.Infrastructure.csproj" />
    <Project Path="src/JulOS.PackageSdk/JulOS.PackageSdk.csproj" />
    <Project Path="src/JulOS.RuntimeManager/JulOS.RuntimeManager.csproj" />
    <Project Path="src/JulOS.Server/JulOS.Server.csproj" />
  </Folder>
  <Folder Name="/packages/">
    <Project Path="packages/JulOS.Browser/worker/JulOS.Browser.Worker.csproj" />
    <Project Path="packages/JulOS.HostMetrics/worker/JulOS.HostMetrics.Worker.csproj" />
    <Project Path="packages/JulOS.ReferencePackage/worker/JulOS.ReferencePackage.Worker.csproj" />
    <Project Path="packages/JulOS.Remote/worker/JulOS.Remote.Worker.csproj" />
  </Folder>
  <Folder Name="/tests/">
    <Project Path="tests/JulOS.Agent.Tests/JulOS.Agent.Tests.csproj" />
    <Project Path="tests/JulOS.Architecture.Tests/JulOS.Architecture.Tests.csproj" />
    <Project Path="tests/JulOS.Domain.Tests/JulOS.Domain.Tests.csproj" />
    <Project Path="tests/JulOS.Infrastructure.Tests/JulOS.Infrastructure.Tests.csproj" />
    <Project Path="tests/JulOS.Integration.Tests/JulOS.Integration.Tests.csproj" />
  </Folder>
</Solution>
